// !$*UTF8*$!
{
	archiveVersion = 1;
	classes = {
	};
	objectVersion = 77;
	objects = {

/* Begin PBXBuildFile section */
		8B90D1482DEDD44A00FBD189 /* RARExtFeature in Frameworks */ = {isa = PBXBuildFile; productRef = 8B90D1472DEDD44A00FBD189 /* RARExtFeature */; };
		D1D4D18A2ED6F2B6006429E9 /* RAR.appex in Embed Foundation Extensions */ = {isa = PBXBuildFile; fileRef = D1D4D17C2ED6F2B6006429E9 /* RAR.appex */; settings = {ATTRIBUTES = (RemoveHeadersOnCopy, ); }; };
/* End PBXBuildFile section */

/* Begin PBXContainerItemProxy section */
		8BC265752DEDD3F500F279A4 /* PBXContainerItemProxy */ = {
			isa = PBXContainerItemProxy;
			containerPortal = 8BC265542DEDD3F400F279A4 /* Project object */;
			proxyType = 1;
			remoteGlobalIDString = 8BC2655B2DEDD3F400F279A4;
			remoteInfo = RARExt;
		};
		D1D4D1882ED6F2B6006429E9 /* PBXContainerItemProxy */ = {
			isa = PBXContainerItemProxy;
			containerPortal = 8BC265542DEDD3F400F279A4 /* Project object */;
			proxyType = 1;
			remoteGlobalIDString = D1D4D17B2ED6F2B6006429E9;
			remoteInfo = RARAction;
		};
/* End PBXContainerItemProxy section */

/* Begin PBXCopyFilesBuildPhase section */
		D1D4D18B2ED6F2B6006429E9 /* Embed Foundation Extensions */ = {
			isa = PBXCopyFilesBuildPhase;
			buildActionMask = 2147483647;
			dstPath = "";
			dstSubfolderSpec = 13;
			files = (
				D1D4D18A2ED6F2B6006429E9 /* RAR.appex in Embed Foundation Extensions */,
			);
			name = "Embed Foundation Extensions";
			runOnlyForDeploymentPostprocessing = 0;
		};
/* End PBXCopyFilesBuildPhase section */

/* Begin PBXFileReference section */
		8BC2655C2DEDD3F400F279A4 /* RARExt.app */ = {isa = PBXFileReference; explicitFileType = wrapper.application; includeInIndex = 0; path = RARExt.app; sourceTree = BUILT_PRODUCTS_DIR; };
		8BC265742DEDD3F500F279A4 /* RARExt.xctest */ = {isa = PBXFileReference; explicitFileType = wrapper.cfbundle; includeInIndex = 0; path = RARExt.xctest; sourceTree = BUILT_PRODUCTS_DIR; };
		D1D4D17C2ED6F2B6006429E9 /* RAR.appex */ = {isa = PBXFileReference; explicitFileType = "wrapper.app-extension"; includeInIndex = 0; path = RAR.appex; sourceTree = BUILT_PRODUCTS_DIR; };
/* End PBXFileReference section */

/* Begin PBXFileSystemSynchronizedBuildFileExceptionSet section */
		8BD71C1E2DEE424400CEDD92 /* Exceptions for "Config" folder in "RARExt" target */ = {
			isa = PBXFileSystemSynchronizedBuildFileExceptionSet;
			membershipExceptions = (
				Debug.xcconfig,
				Release.xcconfig,
				Shared.xcconfig,
				Tests.xcconfig,
			);
			target = 8BC2655B2DEDD3F400F279A4 /* RARExt */;
		};
/* End PBXFileSystemSynchronizedBuildFileExceptionSet section */

/* Begin PBXFileSystemSynchronizedRootGroup section */
		8B90D1BC2DEE373300FBD189 /* Config */ = {
			isa = PBXFileSystemSynchronizedRootGroup;
			exceptions = (
				8BD71C1E2DEE424400CEDD92 /* Exceptions for "Config" folder in "RARExt" target */,
			);
			path = Config;
			sourceTree = "<group>";
		};
		8BC2655E2DEDD3F400F279A4 /* RARExt */ = {
			isa = PBXFileSystemSynchronizedRootGroup;
			path = RARExt;
			sourceTree = "<group>";
		};
		8BC265772DEDD3F500F279A4 /* RARExtUITests */ = {
			isa = PBXFileSystemSynchronizedRootGroup;
			path = RARExtUITests;
			sourceTree = "<group>";
		};
		D1D4D17D2ED6F2B6006429E9 /* RARAction */ = {
			isa = PBXFileSystemSynchronizedRootGroup;
			path = RARAction;
			sourceTree = "<group>";
		};
/* End PBXFileSystemSynchronizedRootGroup section */

/* Begin PBXFrameworksBuildPhase section */
		8BC265592DEDD3F400F279A4 /* Frameworks */ = {
			isa = PBXFrameworksBuildPhase;
			buildActionMask = 2147483647;
			files = (
				8B90D1482DEDD44A00FBD189 /* RARExtFeature in Frameworks */,
			);
			runOnlyForDeploymentPostprocessing = 0;
		};
		8BC265712DEDD3F500F279A4 /* Frameworks */ = {
			isa = PBXFrameworksBuildPhase;
			buildActionMask = 2147483647;
			files = (
			);
			runOnlyForDeploymentPostprocessing = 0;
		};
		D1D4D1792ED6F2B6006429E9 /* Frameworks */ = {
			isa = PBXFrameworksBuildPhase;
			buildActionMask = 2147483647;
			files = (
			);
			runOnlyForDeploymentPostprocessing = 0;
		};
/* End PBXFrameworksBuildPhase section */

/* Begin PBXGroup section */
		8B90D1462DEDD44A00FBD189 /* Frameworks */ = {
			isa = PBXGroup;
			children = (
			);
			name = Frameworks;
			sourceTree = "<group>";
		};
		8BC265532DEDD3F400F279A4 = {
			isa = PBXGroup;
			children = (
				8B90D1BC2DEE373300FBD189 /* Config */,
				8BC2655E2DEDD3F400F279A4 /* RARExt */,
				8BC265772DEDD3F500F279A4 /* RARExtUITests */,
				D1D4D17D2ED6F2B6006429E9 /* RARAction */,
				8B90D1462DEDD44A00FBD189 /* Frameworks */,
				8BC2655D2DEDD3F400F279A4 /* Products */,
			);
			sourceTree = "<group>";
		};
		8BC2655D2DEDD3F400F279A4 /* Products */ = {
			isa = PBXGroup;
			children = (
				8BC2655C2DEDD3F400F279A4 /* RARExt.app */,
				8BC265742DEDD3F500F279A4 /* RARExt.xctest */,
				D1D4D17C2ED6F2B6006429E9 /* RAR.appex */,
			);
			name = Products;
			sourceTree = "<group>";
		};
/* End PBXGroup section */

/* Begin PBXNativeTarget section */
		8BC2655B2DEDD3F400F279A4 /* RARExt */ = {
			isa = PBXNativeTarget;
			buildConfigurationList = 8BC2657E2DEDD3F500F279A4 /* Build configuration list for PBXNativeTarget "RARExt" */;
			buildPhases = (
				8BC265582DEDD3F400F279A4 /* Sources */,
				8BC265592DEDD3F400F279A4 /* Frameworks */,
				8BC2655A2DEDD3F400F279A4 /* Resources */,
				D1D4D18B2ED6F2B6006429E9 /* Embed Foundation Extensions */,
			);
			buildRules = (
			);
			dependencies = (
				D1D4D1892ED6F2B6006429E9 /* PBXTargetDependency */,
			);
			fileSystemSynchronizedGroups = (
				8B90D1BC2DEE373300FBD189 /* Config */,
				8BC2655E2DEDD3F400F279A4 /* RARExt */,
			);
			name = RARExt;
			packageProductDependencies = (
				8B90D1472DEDD44A00FBD189 /* RARExtFeature */,
			);
			productName = RARExt;
			productReference = 8BC2655C2DEDD3F400F279A4 /* RARExt.app */;
			productType = "com.apple.product-type.application";
		};
		8BC265732DEDD3F500F279A4 /* RARExtUITests */ = {
			isa = PBXNativeTarget;
			buildConfigurationList = 8BC265842DEDD3F500F279A4 /* Build configuration list for PBXNativeTarget "RARExtUITests" */;
			buildPhases = (
				8BC265702DEDD3F500F279A4 /* Sources */,
				8BC265712DEDD3F500F279A4 /* Frameworks */,
				8BC265722DEDD3F500F279A4 /* Resources */,
			);
			buildRules = (
			);
			dependencies = (
				8BC265762DEDD3F500F279A4 /* PBXTargetDependency */,
			);
			fileSystemSynchronizedGroups = (
				8BC265772DEDD3F500F279A4 /* RARExtUITests */,
			);
			name = RARExtUITests;
			packageProductDependencies = (
			);
			productName = RARExtUITests;
			productReference = 8BC265742DEDD3F500F279A4 /* RARExt.xctest */;
			productType = "com.apple.product-type.bundle.ui-testing";
		};
		D1D4D17B2ED6F2B6006429E9 /* RARAction */ = {
			isa = PBXNativeTarget;
			buildConfigurationList = D1D4D18E2ED6F2B6006429E9 /* Build configuration list for PBXNativeTarget "RARAction" */;
			buildPhases = (
				D1D4D1782ED6F2B6006429E9 /* Sources */,
				D1D4D1792ED6F2B6006429E9 /* Frameworks */,
				D1D4D17A2ED6F2B6006429E9 /* Resources */,
			);
			buildRules = (
			);
			dependencies = (
			);
			fileSystemSynchronizedGroups = (
				D1D4D17D2ED6F2B6006429E9 /* RARAction */,
			);
			name = RARAction;
			packageProductDependencies = (
			);
			productName = RARAction;
			productReference = D1D4D17C2ED6F2B6006429E9 /* RAR.appex */;
			productType = "com.apple.product-type.app-extension";
		};
/* End PBXNativeTarget section */

/* Begin PBXProject section */
		8BC265542DEDD3F400F279A4 /* Project object */ = {
			isa = PBXProject;
			attributes = {
				BuildIndependentTargetsInParallel = 1;
				LastSwiftUpdateCheck = 2610;
				LastUpgradeCheck = 1630;
				ORGANIZATIONNAME = "$(ORGANIZATION_NAME)";
				TargetAttributes = {
					8BC2655B2DEDD3F400F279A4 = {
						CreatedOnToolsVersion = 16.3;
					};
					8BC265732DEDD3F500F279A4 = {
						CreatedOnToolsVersion = 16.3;
						TestTargetID = 8BC2655B2DEDD3F400F279A4;
					};
					D1D4D17B2ED6F2B6006429E9 = {
						CreatedOnToolsVersion = 26.1.1;
					};
				};
			};
			buildConfigurationList = 8BC265572DEDD3F400F279A4 /* Build configuration list for PBXProject "RARExt" */;
			developmentRegion = en;
			hasScannedForEncodings = 0;
			knownRegions = (
				en,
				Base,
			);
			mainGroup = 8BC265532DEDD3F400F279A4;
			minimizedProjectReferenceProxies = 1;
			preferredProjectObjectVersion = 77;
			productRefGroup = 8BC2655D2DEDD3F400F279A4 /* Products */;
			projectDirPath = "";
			projectRoot = "";
			targets = (
				8BC2655B2DEDD3F400F279A4 /* RARExt */,
				8BC265732DEDD3F500F279A4 /* RARExtUITests */,
				D1D4D17B2ED6F2B6006429E9 /* RARAction */,
			);
		};
/* End PBXProject section */

/* Begin PBXResourcesBuildPhase section */
		8BC2655A2DEDD3F400F279A4 /* Resources */ = {
			isa = PBXResourcesBuildPhase;
			buildActionMask = 2147483647;
			files = (
			);
			runOnlyForDeploymentPostprocessing = 0;
		};
		8BC265722DEDD3F500F279A4 /* Resources */ = {
			isa = PBXResourcesBuildPhase;
			buildActionMask = 2147483647;
			files = (
			);
			runOnlyForDeploymentPostprocessing = 0;
		};
		D1D4D17A2ED6F2B6006429E9 /* Resources */ = {
			isa = PBXResourcesBuildPhase;
			buildActionMask = 2147483647;
			files = (
			);
			runOnlyForDeploymentPostprocessing = 0;
		};
/* End PBXResourcesBuildPhase section */

/* Begin PBXSourcesBuildPhase section */
		8BC265582DEDD3F400F279A4 /* Sources */ = {
			isa = PBXSourcesBuildPhase;
			buildActionMask = 2147483647;
			files = (
			);
			runOnlyForDeploymentPostprocessing = 0;
		};
		8BC265702DEDD3F500F279A4 /* Sources */ = {
			isa = PBXSourcesBuildPhase;
			buildActionMask = 2147483647;
			files = (
			);
			runOnlyForDeploymentPostprocessing = 0;
		};
		D1D4D1782ED6F2B6006429E9 /* Sources */ = {
			isa = PBXSourcesBuildPhase;
			buildActionMask = 2147483647;
			files = (
			);
			runOnlyForDeploymentPostprocessing = 0;
		};
/* End PBXSourcesBuildPhase section */

/* Begin PBXTargetDependency section */
		8BC265762DEDD3F500F279A4 /* PBXTargetDependency */ = {
			isa = PBXTargetDependency;
			target = 8BC2655B2DEDD3F400F279A4 /* RARExt */;
			targetProxy = 8BC265752DEDD3F500F279A4 /* PBXContainerItemProxy */;
		};
		D1D4D1892ED6F2B6006429E9 /* PBXTargetDependency */ = {
			isa = PBXTargetDependency;
			target = D1D4D17B2ED6F2B6006429E9 /* RARAction */;
			targetProxy = D1D4D1882ED6F2B6006429E9 /* PBXContainerItemProxy */;
		};
/* End PBXTargetDependency section */

/* Begin XCBuildConfiguration section */
		8BC2657C2DEDD3F500F279A4 /* Debug */ = {
			isa = XCBuildConfiguration;
			buildSettings = {
				SWIFT_VERSION = 5.0;
			};
			name = Debug;
		};
		8BC2657D2DEDD3F500F279A4 /* Release */ = {
			isa = XCBuildConfiguration;
			buildSettings = {
				SWIFT_VERSION = 5.0;
			};
			name = Release;
		};
		8BC2657F2DEDD3F500F279A4 /* Debug */ = {
			isa = XCBuildConfiguration;
			baseConfigurationReferenceAnchor = 8B90D1BC2DEE373300FBD189 /* Config */;
			baseConfigurationReferenceRelativePath = Debug.xcconfig;
			buildSettings = {
				INFOPLIST_KEY_CFBundleDisplayName = "$(PRODUCT_DISPLAY_NAME)";
				SWIFT_VERSION = 5.0;
			};
			name = Debug;
		};
		8BC265802DEDD3F500F279A4 /* Release */ = {
			isa = XCBuildConfiguration;
			baseConfigurationReferenceAnchor = 8B90D1BC2DEE373300FBD189 /* Config */;
			baseConfigurationReferenceRelativePath = Release.xcconfig;
			buildSettings = {
				INFOPLIST_KEY_CFBundleDisplayName = "$(PRODUCT_DISPLAY_NAME)";
				SWIFT_VERSION = 5.0;
			};
			name = Release;
		};
		8BC265852DEDD3F500F279A4 /* Debug */ = {
			isa = XCBuildConfiguration;
			baseConfigurationReferenceAnchor = 8B90D1BC2DEE373300FBD189 /* Config */;
			baseConfigurationReferenceRelativePath = Tests.xcconfig;
			buildSettings = {
				SWIFT_VERSION = 5.0;
			};
			name = Debug;
		};
		8BC265862DEDD3F500F279A4 /* Release */ = {
			isa = XCBuildConfiguration;
			baseConfigurationReferenceAnchor = 8B90D1BC2DEE373300FBD189 /* Config */;
			baseConfigurationReferenceRelativePath = Tests.xcconfig;
			buildSettings = {
				SWIFT_VERSION = 5.0;
			};
			name = Release;
		};
		D1D4D18C2ED6F2B6006429E9 /* Debug */ = {
			isa = XCBuildConfiguration;
			buildSettings = {
				ALWAYS_SEARCH_USER_PATHS = NO;
				ASSETCATALOG_COMPILER_GENERATE_SWIFT_ASSET_SYMBOL_EXTENSIONS = YES;
				CLANG_ANALYZER_NONNULL = YES;
				CLANG_ANALYZER_NUMBER_OBJECT_CONVERSION = YES_AGGRESSIVE;
				CLANG_CXX_LANGUAGE_STANDARD = "gnu++20";
				CLANG_ENABLE_MODULES = YES;
				CLANG_ENABLE_OBJC_ARC = YES;
				CLANG_ENABLE_OBJC_WEAK = YES;
				CLANG_WARN_BLOCK_CAPTURE_AUTORELEASING = YES;
				CLANG_WARN_BOOL_CONVERSION = YES;
				CLANG_WARN_COMMA = YES;
				CLANG_WARN_CONSTANT_CONVERSION = YES;
				CLANG_WARN_DEPRECATED_OBJC_IMPLEMENTATIONS = YES;
				CLANG_WARN_DIRECT_OBJC_ISA_USAGE = YES_ERROR;
				CLANG_WARN_DOCUMENTATION_COMMENTS = YES;
				CLANG_WARN_EMPTY_BODY = YES;
				CLANG_WARN_ENUM_CONVERSION = YES;
				CLANG_WARN_INFINITE_RECURSION = YES;
				CLANG_WARN_INT_CONVERSION = YES;
				CLANG_WARN_NON_LITERAL_NULL_CONVERSION = YES;
				CLANG_WARN_OBJC_IMPLICIT_RETAIN_SELF = YES;
				CLANG_WARN_OBJC_LITERAL_CONVERSION = YES;
				CLANG_WARN_OBJC_ROOT_CLASS = YES_ERROR;
				CLANG_WARN_QUOTED_INCLUDE_IN_FRAMEWORK_HEADER = YES;
				CLANG_WARN_RANGE_LOOP_ANALYSIS = YES;
				CLANG_WARN_STRICT_PROTOTYPES = YES;
				CLANG_WARN_SUSPICIOUS_MOVE = YES;
				CLANG_WARN_UNGUARDED_AVAILABILITY = YES_AGGRESSIVE;
				CLANG_WARN_UNREACHABLE_CODE = YES;
				CLANG_WARN__DUPLICATE_METHOD_MATCH = YES;
				CODE_SIGN_STYLE = Automatic;
				COMBINE_HIDPI_IMAGES = YES;
				COPY_PHASE_STRIP = NO;
				CURRENT_PROJECT_VERSION = 1;
				DEBUG_INFORMATION_FORMAT = dwarf;
				ENABLE_APP_SANDBOX = YES;
				ENABLE_STRICT_OBJC_MSGSEND = YES;
				ENABLE_TESTABILITY = YES;
				ENABLE_USER_SCRIPT_SANDBOXING = YES;
				ENABLE_USER_SELECTED_FILES = readonly;
				GCC_C_LANGUAGE_STANDARD = gnu17;
				GCC_DYNAMIC_NO_PIC = NO;
				GCC_NO_COMMON_BLOCKS = YES;
				GCC_OPTIMIZATION_LEVEL = 0;
				GCC_PREPROCESSOR_DEFINITIONS = (
					"DEBUG=1",
					"$(inherited)",
				);
				GCC_WARN_64_TO_32_BIT_CONVERSION = YES;
				GCC_WARN_ABOUT_RETURN_TYPE = YES_ERROR;
				GCC_WARN_UNDECLARED_SELECTOR = YES;
				GCC_WARN_UNINITIALIZED_AUTOS = YES_AGGRESSIVE;
				GCC_WARN_UNUSED_FUNCTION = YES;
				GCC_WARN_UNUSED_VARIABLE = YES;
				GENERATE_INFOPLIST_FILE = YES;
				INFOPLIST_FILE = RARAction/Info.plist;
				INFOPLIST_KEY_CFBundleDisplayName = RAR;
				INFOPLIST_KEY_NSHumanReadableCopyright = "Copyright © 2025 $(ORGANIZATION_NAME). All rights reserved.";
				LD_RUNPATH_SEARCH_PATHS = (
					"$(inherited)",
					"@executable_path/../Frameworks",
					"@executable_path/../../../../Frameworks",
				);
				LOCALIZATION_PREFERS_STRING_CATALOGS = YES;
				MACOSX_DEPLOYMENT_TARGET = 15.7;
				MARKETING_VERSION = 1.0;
				MTL_ENABLE_DEBUG_INFO = INCLUDE_SOURCE;
				MTL_FAST_MATH = YES;
				ONLY_ACTIVE_ARCH = YES;
				PRODUCT_BUNDLE_IDENTIFIER = com.example.rarext.RARAction;
				PRODUCT_NAME = RAR;
				SDKROOT = macosx;
				SKIP_INSTALL = YES;
				STRING_CATALOG_GENERATE_SYMBOLS = YES;
				SWIFT_ACTIVE_COMPILATION_CONDITIONS = "DEBUG $(inherited)";
				SWIFT_APPROACHABLE_CONCURRENCY = YES;
				SWIFT_EMIT_LOC_STRINGS = YES;
				SWIFT_OPTIMIZATION_LEVEL = "-Onone";
				SWIFT_UPCOMING_FEATURE_MEMBER_IMPORT_VISIBILITY = YES;
				SWIFT_VERSION = 5.0;
			};
			name = Debug;
		};
		D1D4D18D2ED6F2B6006429E9 /* Release */ = {
			isa = XCBuildConfiguration;
			buildSettings = {
				ALWAYS_SEARCH_USER_PATHS = NO;
				ASSETCATALOG_COMPILER_GENERATE_SWIFT_ASSET_SYMBOL_EXTENSIONS = YES;
				CLANG_ANALYZER_NONNULL = YES;
				CLANG_ANALYZER_NUMBER_OBJECT_CONVERSION = YES_AGGRESSIVE;
				CLANG_CXX_LANGUAGE_STANDARD = "gnu++20";
				CLANG_ENABLE_MODULES = YES;
				CLANG_ENABLE_OBJC_ARC = YES;
				CLANG_ENABLE_OBJC_WEAK = YES;
				CLANG_WARN_BLOCK_CAPTURE_AUTORELEASING = YES;
				CLANG_WARN_BOOL_CONVERSION = YES;
				CLANG_WARN_COMMA = YES;
				CLANG_WARN_CONSTANT_CONVERSION = YES;
				CLANG_WARN_DEPRECATED_OBJC_IMPLEMENTATIONS = YES;
				CLANG_WARN_DIRECT_OBJC_ISA_USAGE = YES_ERROR;
				CLANG_WARN_DOCUMENTATION_COMMENTS = YES;
				CLANG_WARN_EMPTY_BODY = YES;
				CLANG_WARN_ENUM_CONVERSION = YES;
				CLANG_WARN_INFINITE_RECURSION = YES;
				CLANG_WARN_INT_CONVERSION = YES;
				CLANG_WARN_NON_LITERAL_NULL_CONVERSION = YES;
				CLANG_WARN_OBJC_IMPLICIT_RETAIN_SELF = YES;
				CLANG_WARN_OBJC_LITERAL_CONVERSION = YES;
				CLANG_WARN_OBJC_ROOT_CLASS = YES_ERROR;
				CLANG_WARN_QUOTED_INCLUDE_IN_FRAMEWORK_HEADER = YES;
				CLANG_WARN_RANGE_LOOP_ANALYSIS = YES;
				CLANG_WARN_STRICT_PROTOTYPES = YES;
				CLANG_WARN_SUSPICIOUS_MOVE = YES;
				CLANG_WARN_UNGUARDED_AVAILABILITY = YES_AGGRESSIVE;
				CLANG_WARN_UNREACHABLE_CODE = YES;
				CLANG_WARN__DUPLICATE_METHOD_MATCH = YES;
				CODE_SIGN_STYLE = Automatic;
				COMBINE_HIDPI_IMAGES = YES;
				COPY_PHASE_STRIP = NO;
				CURRENT_PROJECT_VERSION = 1;
				DEBUG_INFORMATION_FORMAT = "dwarf-with-dsym";
				ENABLE_APP_SANDBOX = YES;
				ENABLE_NS_ASSERTIONS = NO;
				ENABLE_STRICT_OBJC_MSGSEND = YES;
				ENABLE_USER_SCRIPT_SANDBOXING = YES;
				ENABLE_USER_SELECTED_FILES = readonly;
				GCC_C_LANGUAGE_STANDARD = gnu17;
				GCC_NO_COMMON_BLOCKS = YES;
				GCC_WARN_64_TO_32_BIT_CONVERSION = YES;
				GCC_WARN_ABOUT_RETURN_TYPE = YES_ERROR;
				GCC_WARN_UNDECLARED_SELECTOR = YES;
				GCC_WARN_UNINITIALIZED_AUTOS = YES_AGGRESSIVE;
				GCC_WARN_UNUSED_FUNCTION = YES;
				GCC_WARN_UNUSED_VARIABLE = YES;
				GENERATE_INFOPLIST_FILE = YES;
				INFOPLIST_FILE = RARAction/Info.plist;
				INFOPLIST_KEY_CFBundleDisplayName = RAR;
				INFOPLIST_KEY_NSHumanReadableCopyright = "Copyright © 2025 $(ORGANIZATION_NAME). All rights reserved.";
				LD_RUNPATH_SEARCH_PATHS = (
					"$(inherited)",
					"@executable_path/../Frameworks",
					"@executable_path/../../../../Frameworks",
				);
				LOCALIZATION_PREFERS_STRING_CATALOGS = YES;
				MACOSX_DEPLOYMENT_TARGET = 15.7;
				MARKETING_VERSION = 1.0;
				MTL_ENABLE_DEBUG_INFO = NO;
				MTL_FAST_MATH = YES;
				PRODUCT_BUNDLE_IDENTIFIER = com.example.rarext.RARAction;
				PRODUCT_NAME = RAR;
				SDKROOT = macosx;
				SKIP_INSTALL = YES;
				STRING_CATALOG_GENERATE_SYMBOLS = YES;
				SWIFT_APPROACHABLE_CONCURRENCY = YES;
				SWIFT_COMPILATION_MODE = wholemodule;
				SWIFT_EMIT_LOC_STRINGS = YES;
				SWIFT_UPCOMING_FEATURE_MEMBER_IMPORT_VISIBILITY = YES;
				SWIFT_VERSION = 5.0;
			};
			name = Release;
		};
/* End XCBuildConfiguration section */

/* Begin XCConfigurationList section */
		8BC265572DEDD3F400F279A4 /* Build configuration list for PBXProject "RARExt" */ = {
			isa = XCConfigurationList;
			buildConfigurations = (
				8BC2657C2DEDD3F500F279A4 /* Debug */,
				8BC2657D2DEDD3F500F279A4 /* Release */,
			);
			defaultConfigurationIsVisible = 0;
			defaultConfigurationName = Release;
		};
		8BC2657E2DEDD3F500F279A4 /* Build configuration list for PBXNativeTarget "RARExt" */ = {
			isa = XCConfigurationList;
			buildConfigurations = (
				8BC2657F2DEDD3F500F279A4 /* Debug */,
				8BC265802DEDD3F500F279A4 /* Release */,
			);
			defaultConfigurationIsVisible = 0;
			defaultConfigurationName = Release;
		};
		8BC265842DEDD3F500F279A4 /* Build configuration list for PBXNativeTarget "RARExtUITests" */ = {
			isa = XCConfigurationList;
			buildConfigurations = (
				8BC265852DEDD3F500F279A4 /* Debug */,
				8BC265862DEDD3F500F279A4 /* Release */,
			);
			defaultConfigurationIsVisible = 0;
			defaultConfigurationName = Release;
		};
		D1D4D18E2ED6F2B6006429E9 /* Build configuration list for PBXNativeTarget "RARAction" */ = {
			isa = XCConfigurationList;
			buildConfigurations = (
				D1D4D18C2ED6F2B6006429E9 /* Debug */,
				D1D4D18D2ED6F2B6006429E9 /* Release */,
			);
			defaultConfigurationIsVisible = 0;
			defaultConfigurationName = Release;
		};
/* End XCConfigurationList section */

/* Begin XCSwiftPackageProductDependency section */
		8B90D1472DEDD44A00FBD189 /* RARExtFeature */ = {
			isa = XCSwiftPackageProductDependency;
			productName = RARExtFeature;
		};
/* End XCSwiftPackageProductDependency section */
	};
	rootObject = 8BC265542DEDD3F400F279A4 /* Project object */;
}
